// !$*UTF8*$!
{
	archiveVersion = 1;
	classes = {
	};
	objectVersion = 56;
	objects = {

/* Begin PBXBuildFile section */
		BEA950C72B682E7700C8EFC9 /* VideoBackgroundAppApp.swift in Sources */ = {isa = PBXBuildFile; fileRef = BEA950C62B682E7700C8EFC9 /* VideoBackgroundAppApp.swift */; };
		BEA950C92B682E7700C8EFC9 /* ContentView.swift in Sources */ = {isa = PBXBuildFile; fileRef = BEA950C82B682E7700C8EFC9 /* ContentView.swift */; };
		BEA950CB2B682E7900C8EFC9 /* Assets.xcassets in Resources */ = {isa = PBXBuildFile; fileRef = BEA950CA2B682E7900C8EFC9 /* Assets.xcassets */; };
		BEA950CE2B682E7900C8EFC9 /* Preview Assets.xcassets in Resources */ = {isa = PBXBuildFile; fileRef = BEA950CD2B682E7900C8EFC9 /* Preview Assets.xcassets */; };
		BEA950D52B682EAE00C8EFC9 /* video.mp4 in Resources */ = {isa = PBXBuildFile; fileRef = BEA950D42B682EAE00C8EFC9 /* video.mp4 */; };
		BEA950D82B682EDE00C8EFC9 /* Card.swift in Sources */ = {isa = PBXBuildFile; fileRef = BEA950D72B682EDE00C8EFC9 /* Card.swift */; };
		BEA950DB2B682F5600C8EFC9 /* CardView.swift in Sources */ = {isa = PBXBuildFile; fileRef = BEA950DA2B682F5600C8EFC9 /* CardView.swift */; };
		BEA950DD2B68304500C8EFC9 /* PlayerView.swift in Sources */ = {isa = PBXBuildFile; fileRef = BEA950DC2B68304500C8EFC9 /* PlayerView.swift */; };
		BEA950DF2B68322E00C8EFC9 /* LoginView.swift in Sources */ = {isa = PBXBuildFile; fileRef = BEA950DE2B68322E00C8EFC9 /* LoginView.swift */; };
/* End PBXBuildFile section */

/* Begin PBXFileReference section */
		BEA950C32B682E7700C8EFC9 /* VideoBackgroundApp.app */ = {isa = PBXFileReference; explicitFileType = wrapper.application; includeInIndex = 0; path = VideoBackgroundApp.app; sourceTree = BUILT_PRODUCTS_DIR; };
		BEA950C62B682E7700C8EFC9 /* VideoBackgroundAppApp.swift */ = {isa = PBXFileReference; lastKnownFileType = sourcecode.swift; path = VideoBackgroundAppApp.swift; sourceTree = "<group>"; };
		BEA950C82B682E7700C8EFC9 /* ContentView.swift */ = {isa = PBXFileReference; lastKnownFileType = sourcecode.swift; path = ContentView.swift; sourceTree = "<group>"; };
		BEA950CA2B682E7900C8EFC9 /* Assets.xcassets */ = {isa = PBXFileReference; lastKnownFileType = folder.assetcatalog; path = Assets.xcassets; sourceTree = "<group>"; };
		BEA950CD2B682E7900C8EFC9 /* Preview Assets.xcassets */ = {isa = PBXFileReference; lastKnownFileType = folder.assetcatalog; path = "Preview Assets.xcassets"; sourceTree = "<group>"; };
		BEA950D42B682EAE00C8EFC9 /* video.mp4 */ = {isa = PBXFileReference; lastKnownFileType = file; path = video.mp4; sourceTree = "<group>"; };
		BEA950D72B682EDE00C8EFC9 /* Card.swift */ = {isa = PBXFileReference; lastKnownFileType = sourcecode.swift; path = Card.swift; sourceTree = "<group>"; };
		BEA950DA2B682F5600C8EFC9 /* CardView.swift */ = {isa = PBXFileReference; lastKnownFileType = sourcecode.swift; path = CardView.swift; sourceTree = "<group>"; };
		BEA950DC2B68304500C8EFC9 /* PlayerView.swift */ = {isa = PBXFileReference; lastKnownFileType = sourcecode.swift; path = PlayerView.swift; sourceTree = "<group>"; };
		BEA950DE2B68322E00C8EFC9 /* LoginView.swift */ = {isa = PBXFileReference; lastKnownFileType = sourcecode.swift; path = LoginView.swift; sourceTree = "<group>"; };
/* End PBXFileReference section */

/* Begin PBXFrameworksBuildPhase section */
		BEA950C02B682E7700C8EFC9 /* Frameworks */ = {
			isa = PBXFrameworksBuildPhase;
			buildActionMask = 2147483647;
			files = (
			);
			runOnlyForDeploymentPostprocessing = 0;
		};
/* End PBXFrameworksBuildPhase section */

/* Begin PBXGroup section */
		BEA950BA2B682E7600C8EFC9 = {
			isa = PBXGroup;
			children = (
				BEA950C52B682E7700C8EFC9 /* VideoBackgroundApp */,
				BEA950C42B682E7700C8EFC9 /* Products */,
			);
			sourceTree = "<group>";
		};
		BEA950C42B682E7700C8EFC9 /* Products */ = {
			isa = PBXGroup;
			children = (
				BEA950C32B682E7700C8EFC9 /* VideoBackgroundApp.app */,
			);
			name = Products;
			sourceTree = "<group>";
		};
		BEA950C52B682E7700C8EFC9 /* VideoBackgroundApp */ = {
			isa = PBXGroup;
			children = (
				BEA950D92B682F4700C8EFC9 /* View */,
				BEA950D62B682ED000C8EFC9 /* Model */,
				BEA950D42B682EAE00C8EFC9 /* video.mp4 */,
				BEA950C62B682E7700C8EFC9 /* VideoBackgroundAppApp.swift */,
				BEA950C82B682E7700C8EFC9 /* ContentView.swift */,
				BEA950CA2B682E7900C8EFC9 /* Assets.xcassets */,
				BEA950CC2B682E7900C8EFC9 /* Preview Content */,
			);
			path = VideoBackgroundApp;
			sourceTree = "<group>";
		};
		BEA950CC2B682E7900C8EFC9 /* Preview Content */ = {
			isa = PBXGroup;
			children = (
				BEA950CD2B682E7900C8EFC9 /* Preview Assets.xcassets */,
			);
			path = "Preview Content";
			sourceTree = "<group>";
		};
		BEA950D62B682ED000C8EFC9 /* Model */ = {
			isa = PBXGroup;
			children = (
				BEA950D72B682EDE00C8EFC9 /* Card.swift */,
			);
			path = Model;
			sourceTree = "<group>";
		};
		BEA950D92B682F4700C8EFC9 /* View */ = {
			isa = PBXGroup;
			children = (
				BEA950DA2B682F5600C8EFC9 /* CardView.swift */,
				BEA950DC2B68304500C8EFC9 /* PlayerView.swift */,
				BEA950DE2B68322E00C8EFC9 /* LoginView.swift */,
			);
			path = View;
			sourceTree = "<group>";
		};
/* End PBXGroup section */

/* Begin PBXNativeTarget section */
		BEA950C22B682E7700C8EFC9 /* VideoBackgroundApp */ = {
			isa = PBXNativeTarget;
			buildConfigurationList = BEA950D12B682E7900C8EFC9 /* Build configuration list for PBXNativeTarget "VideoBackgroundApp" */;
			buildPhases = (
				BEA950BF2B682E7700C8EFC9 /* Sources */,
				BEA950C02B682E7700C8EFC9 /* Frameworks */,
				BEA950C12B682E7700C8EFC9 /* Resources */,
			);
			buildRules = (
			);
			dependencies = (
			);
			name = VideoBackgroundApp;
			productName = VideoBackgroundApp;
			productReference = BEA950C32B682E7700C8EFC9 /* VideoBackgroundApp.app */;
			productType = "com.apple.product-type.application";
		};
/* End PBXNativeTarget section */

/* Begin PBXProject section */
		BEA950BB2B682E7600C8EFC9 /* Project object */ = {
			isa = PBXProject;
			attributes = {
				BuildIndependentTargetsInParallel = 1;
				LastSwiftUpdateCheck = 1520;
				LastUpgradeCheck = 1520;
				TargetAttributes = {
					BEA950C22B682E7700C8EFC9 = {
						CreatedOnToolsVersion = 15.2;
					};
				};
			};
			buildConfigurationList = BEA950BE2B682E7600C8EFC9 /* Build configuration list for PBXProject "VideoBackgroundApp" */;
			compatibilityVersion = "Xcode 14.0";
			developmentRegion = en;
			hasScannedForEncodings = 0;
			knownRegions = (
				en,
				Base,
			);
			mainGroup = BEA950BA2B682E7600C8EFC9;
			productRefGroup = BEA950C42B682E7700C8EFC9 /* Products */;
			projectDirPath = "";
			projectRoot = "";
			targets = (
				BEA950C22B682E7700C8EFC9 /* VideoBackgroundApp */,
			);
		};
/* End PBXProject section */

/* Begin PBXResourcesBuildPhase section */
		BEA950C12B682E7700C8EFC9 /* Resources */ = {
			isa = PBXResourcesBuildPhase;
			buildActionMask = 2147483647;
			files = (
				BEA950D52B682EAE00C8EFC9 /* video.mp4 in Resources */,
				BEA950CE2B682E7900C8EFC9 /* Preview Assets.xcassets in Resources */,
				BEA950CB2B682E7900C8EFC9 /* Assets.xcassets in Resources */,
			);
			runOnlyForDeploymentPostprocessing = 0;
		};
/* End PBXResourcesBuildPhase section */

/* Begin PBXSourcesBuildPhase section */
		BEA950BF2B682E7700C8EFC9 /* Sources */ = {
			isa = PBXSourcesBuildPhase;
			buildActionMask = 2147483647;
			files = (
				BEA950DF2B68322E00C8EFC9 /* LoginView.swift in Sources */,
				BEA950C92B682E7700C8EFC9 /* ContentView.swift in Sources */,
				BEA950D82B682EDE00C8EFC9 /* Card.swift in Sources */,
				BEA950DB2B682F5600C8EFC9 /* CardView.swift in Sources */,
				BEA950DD2B68304500C8EFC9 /* PlayerView.swift in Sources */,
				BEA950C72B682E7700C8EFC9 /* VideoBackgroundAppApp.swift in Sources */,
			);
			runOnlyForDeploymentPostprocessing = 0;
		};
/* End PBXSourcesBuildPhase section */

/* Begin XCBuildConfiguration section */
		BEA950CF2B682E7900C8EFC9 /* Debug */ = {
			isa = XCBuildConfiguration;
			buildSettings = {
				ALWAYS_SEARCH_USER_PATHS = NO;
				ASSETCATALOG_COMPILER_GENERATE_SWIFT_ASSET_SYMBOL_EXTENSIONS = YES;
				CLANG_ANALYZER_NONNULL = YES;
				CLANG_ANALYZER_NUMBER_OBJECT_CONVERSION = YES_AGGRESSIVE;
				CLANG_CXX_LANGUAGE_STANDARD = "gnu++20";
				CLANG_ENABLE_MODULES = YES;
				CLANG_ENABLE_OBJC_ARC = YES;
				CLANG_ENABLE_OBJC_WEAK = YES;
				CLANG_WARN_BLOCK_CAPTURE_AUTORELEASING = YES;
				CLANG_WARN_BOOL_CONVERSION = YES;
				CLANG_WARN_COMMA = YES;
				CLANG_WARN_CONSTANT_CONVERSION = YES;
				CLANG_WARN_DEPRECATED_OBJC_IMPLEMENTATIONS = YES;
				CLANG_WARN_DIRECT_OBJC_ISA_USAGE = YES_ERROR;
				CLANG_WARN_DOCUMENTATION_COMMENTS = YES;
				CLANG_WARN_EMPTY_BODY = YES;
				CLANG_WARN_ENUM_CONVERSION = YES;
				CLANG_WARN_INFINITE_RECURSION = YES;
				CLANG_WARN_INT_CONVERSION = YES;
				CLANG_WARN_NON_LITERAL_NULL_CONVERSION = YES;
				CLANG_WARN_OBJC_IMPLICIT_RETAIN_SELF = YES;
				CLANG_WARN_OBJC_LITERAL_CONVERSION = YES;
				CLANG_WARN_OBJC_ROOT_CLASS = YES_ERROR;
				CLANG_WARN_QUOTED_INCLUDE_IN_FRAMEWORK_HEADER = YES;
				CLANG_WARN_RANGE_LOOP_ANALYSIS = YES;
				CLANG_WARN_STRICT_PROTOTYPES = YES;
				CLANG_WARN_SUSPICIOUS_MOVE = YES;
				CLANG_WARN_UNGUARDED_AVAILABILITY = YES_AGGRESSIVE;
				CLANG_WARN_UNREACHABLE_CODE = YES;
				CLANG_WARN__DUPLICATE_METHOD_MATCH = YES;
				COPY_PHASE_STRIP = NO;
				DEBUG_INFORMATION_FORMAT = dwarf;
				ENABLE_STRICT_OBJC_MSGSEND = YES;
				ENABLE_TESTABILITY = YES;
				ENABLE_USER_SCRIPT_SANDBOXING = YES;
				GCC_C_LANGUAGE_STANDARD = gnu17;
				GCC_DYNAMIC_NO_PIC = NO;
				GCC_NO_COMMON_BLOCKS = YES;
				GCC_OPTIMIZATION_LEVEL = 0;
				GCC_PREPROCESSOR_DEFINITIONS = (
					"DEBUG=1",
					"$(inherited)",
				);
				GCC_WARN_64_TO_32_BIT_CONVERSION = YES;
				GCC_WARN_ABOUT_RETURN_TYPE = YES_ERROR;
				GCC_WARN_UNDECLARED_SELECTOR = YES;
				GCC_WARN_UNINITIALIZED_AUTOS = YES_AGGRESSIVE;
				GCC_WARN_UNUSED_FUNCTION = YES;
				GCC_WARN_UNUSED_VARIABLE = YES;
				IPHONEOS_DEPLOYMENT_TARGET = 17.2;
				LOCALIZATION_PREFERS_STRING_CATALOGS = YES;
				MTL_ENABLE_DEBUG_INFO = INCLUDE_SOURCE;
				MTL_FAST_MATH = YES;
				ONLY_ACTIVE_ARCH = YES;
				SDKROOT = iphoneos;
				SWIFT_ACTIVE_COMPILATION_CONDITIONS = "DEBUG $(inherited)";
				SWIFT_OPTIMIZATION_LEVEL = "-Onone";
			};
			name = Debug;
		};
		BEA950D02B682E7900C8EFC9 /* Release */ = {
			isa = XCBuildConfiguration;
			buildSettings = {
				ALWAYS_SEARCH_USER_PATHS = NO;
				ASSETCATALOG_COMPILER_GENERATE_SWIFT_ASSET_SYMBOL_EXTENSIONS = YES;
				CLANG_ANALYZER_NONNULL = YES;
				CLANG_ANALYZER_NUMBER_OBJECT_CONVERSION = YES_AGGRESSIVE;
				CLANG_CXX_LANGUAGE_STANDARD = "gnu++20";
				CLANG_ENABLE_MODULES = YES;
				CLANG_ENABLE_OBJC_ARC = YES;
				CLANG_ENABLE_OBJC_WEAK = YES;
				CLANG_WARN_BLOCK_CAPTURE_AUTORELEASING = YES;
				CLANG_WARN_BOOL_CONVERSION = YES;
				CLANG_WARN_COMMA = YES;
				CLANG_WARN_CONSTANT_CONVERSION = YES;
				CLANG_WARN_DEPRECATED_OBJC_IMPLEMENTATIONS = YES;
				CLANG_WARN_DIRECT_OBJC_ISA_USAGE = YES_ERROR;
				CLANG_WARN_DOCUMENTATION_COMMENTS = YES;
				CLANG_WARN_EMPTY_BODY = YES;
				CLANG_WARN_ENUM_CONVERSION = YES;
				CLANG_WARN_INFINITE_RECURSION = YES;
				CLANG_WARN_INT_CONVERSION = YES;
				CLANG_WARN_NON_LITERAL_NULL_CONVERSION = YES;
				CLANG_WARN_OBJC_IMPLICIT_RETAIN_SELF = YES;
				CLANG_WARN_OBJC_LITERAL_CONVERSION = YES;
				CLANG_WARN_OBJC_ROOT_CLASS = YES_ERROR;
				CLANG_WARN_QUOTED_INCLUDE_IN_FRAMEWORK_HEADER = YES;
				CLANG_WARN_RANGE_LOOP_ANALYSIS = YES;
				CLANG_WARN_STRICT_PROTOTYPES = YES;
				CLANG_WARN_SUSPICIOUS_MOVE = YES;
				CLANG_WARN_UNGUARDED_AVAILABILITY = YES_AGGRESSIVE;
				CLANG_WARN_UNREACHABLE_CODE = YES;
				CLANG_WARN__DUPLICATE_METHOD_MATCH = YES;
				COPY_PHASE_STRIP = NO;
				DEBUG_INFORMATION_FORMAT = "dwarf-with-dsym";
				ENABLE_NS_ASSERTIONS = NO;
				ENABLE_STRICT_OBJC_MSGSEND = YES;
				ENABLE_USER_SCRIPT_SANDBOXING = YES;
				GCC_C_LANGUAGE_STANDARD = gnu17;
				GCC_NO_COMMON_BLOCKS = YES;
				GCC_WARN_64_TO_32_BIT_CONVERSION = YES;
				GCC_WARN_ABOUT_RETURN_TYPE = YES_ERROR;
				GCC_WARN_UNDECLARED_SELECTOR = YES;
				GCC_WARN_UNINITIALIZED_AUTOS = YES_AGGRESSIVE;
				GCC_WARN_UNUSED_FUNCTION = YES;
				GCC_WARN_UNUSED_VARIABLE = YES;
				IPHONEOS_DEPLOYMENT_TARGET = 17.2;
				LOCALIZATION_PREFERS_STRING_CATALOGS = YES;
				MTL_ENABLE_DEBUG_INFO = NO;
				MTL_FAST_MATH = YES;
				SDKROOT = iphoneos;
				SWIFT_COMPILATION_MODE = wholemodule;
				VALIDATE_PRODUCT = YES;
			};
			name = Release;
		};
		BEA950D22B682E7900C8EFC9 /* Debug */ = {
			isa = XCBuildConfiguration;
			buildSettings = {
				ASSETCATALOG_COMPILER_APPICON_NAME = AppIcon;
				ASSETCATALOG_COMPILER_GLOBAL_ACCENT_COLOR_NAME = AccentColor;
				CODE_SIGN_STYLE = Automatic;
				CURRENT_PROJECT_VERSION = 1;
				DEVELOPMENT_ASSET_PATHS = "\"VideoBackgroundApp/Preview Content\"";
				DEVELOPMENT_TEAM = D6LZWF2S6D;
				ENABLE_PREVIEWS = YES;
				GENERATE_INFOPLIST_FILE = YES;
				INFOPLIST_KEY_UIApplicationSceneManifest_Generation = YES;
				INFOPLIST_KEY_UIApplicationSupportsIndirectInputEvents = YES;
				INFOPLIST_KEY_UILaunchScreen_Generation = YES;
				INFOPLIST_KEY_UISupportedInterfaceOrientations_iPad = "UIInterfaceOrientationPortrait UIInterfaceOrientationPortraitUpsideDown UIInterfaceOrientationLandscapeLeft UIInterfaceOrientationLandscapeRight";
				INFOPLIST_KEY_UISupportedInterfaceOrientations_iPhone = "UIInterfaceOrientationPortrait UIInterfaceOrientationLandscapeLeft UIInterfaceOrientationLandscapeRight";
				LD_RUNPATH_SEARCH_PATHS = (
					"$(inherited)",
					"@executable_path/Frameworks",
				);
				MARKETING_VERSION = 1.0;
				PRODUCT_BUNDLE_IDENTIFIER = pouyasari.VideoBackgroundApp;
				PRODUCT_NAME = "$(TARGET_NAME)";
				SWIFT_EMIT_LOC_STRINGS = YES;
				SWIFT_VERSION = 5.0;
				TARGETED_DEVICE_FAMILY = "1,2";
			};
			name = Debug;
		};
		BEA950D32B682E7900C8EFC9 /* Release */ = {
			isa = XCBuildConfiguration;
			buildSettings = {
				ASSETCATALOG_COMPILER_APPICON_NAME = AppIcon;
				ASSETCATALOG_COMPILER_GLOBAL_ACCENT_COLOR_NAME = AccentColor;
				CODE_SIGN_STYLE = Automatic;
				CURRENT_PROJECT_VERSION = 1;
				DEVELOPMENT_ASSET_PATHS = "\"VideoBackgroundApp/Preview Content\"";
				DEVELOPMENT_TEAM = D6LZWF2S6D;
				ENABLE_PREVIEWS = YES;
				GENERATE_INFOPLIST_FILE = YES;
				INFOPLIST_KEY_UIApplicationSceneManifest_Generation = YES;
				INFOPLIST_KEY_UIApplicationSupportsIndirectInputEvents = YES;
				INFOPLIST_KEY_UILaunchScreen_Generation = YES;
				INFOPLIST_KEY_UISupportedInterfaceOrientations_iPad = "UIInterfaceOrientationPortrait UIInterfaceOrientationPortraitUpsideDown UIInterfaceOrientationLandscapeLeft UIInterfaceOrientationLandscapeRight";
				INFOPLIST_KEY_UISupportedInterfaceOrientations_iPhone = "UIInterfaceOrientationPortrait UIInterfaceOrientationLandscapeLeft UIInterfaceOrientationLandscapeRight";
				LD_RUNPATH_SEARCH_PATHS = (
					"$(inherited)",
					"@executable_path/Frameworks",
				);
				MARKETING_VERSION = 1.0;
				PRODUCT_BUNDLE_IDENTIFIER = pouyasari.VideoBackgroundApp;
				PRODUCT_NAME = "$(TARGET_NAME)";
				SWIFT_EMIT_LOC_STRINGS = YES;
				SWIFT_VERSION = 5.0;
				TARGETED_DEVICE_FAMILY = "1,2";
			};
			name = Release;
		};
/* End XCBuildConfiguration section */

/* Begin XCConfigurationList section */
		BEA950BE2B682E7600C8EFC9 /* Build configuration list for PBXProject "VideoBackgroundApp" */ = {
			isa = XCConfigurationList;
			buildConfigurations = (
				BEA950CF2B682E7900C8EFC9 /* Debug */,
				BEA950D02B682E7900C8EFC9 /* Release */,
			);
			defaultConfigurationIsVisible = 0;
			defaultConfigurationName = Release;
		};
		BEA950D12B682E7900C8EFC9 /* Build configuration list for PBXNativeTarget "VideoBackgroundApp" */ = {
			isa = XCConfigurationList;
			buildConfigurations = (
				BEA950D22B682E7900C8EFC9 /* Debug */,
				BEA950D32B682E7900C8EFC9 /* Release */,
			);
			defaultConfigurationIsVisible = 0;
			defaultConfigurationName = Release;
		};
/* End XCConfigurationList section */
	};
	rootObject = BEA950BB2B682E7600C8EFC9 /* Project object */;
}
